
Microsoft Visual Studio Solution File, Format Version 12.00
# Visual Studio Version 17
VisualStudioVersion = 17.9.34622.214
MinimumVisualStudioVersion = 10.0.40219.1
Project("{FAE04EC0-301F-11D3-BF4B-00C04F79EFBC}") = "Application", "Application\Application.csproj", "{66A29861-95BD-4A2D-8362-1BB2AB7122DD}"
EndProject
Project("{FAE04EC0-301F-11D3-BF4B-00C04F79EFBC}") = "Domain", "Domain\Domain.csproj", "{273C360D-7597-491E-874F-1298B09E00B0}"
EndProject
Project("{FAE04EC0-301F-11D3-BF4B-00C04F79EFBC}") = "Infrastructre", "Infrastructre\Infrastructre.csproj", "{D9DDE7F1-F672-4BD1-AA28-471A0961141D}"
EndProject
Project("{FAE04EC0-301F-11D3-BF4B-00C04F79EFBC}") = "WebApi", "WebApi\WebApi.csproj", "{3E267A66-38AB-4134-B8AD-E1BC46145CA6}"
EndProject
Project("{FAE04EC0-301F-11D3-BF4B-00C04F79EFBC}") = "WebUi", "WebUi\WebUi.csproj", "{F91FF372-AFDE-4FF7-9E2F-48F179AD8A1D}"
EndProject
Global
	GlobalSection(SolutionConfigurationPlatforms) = preSolution
		Debug|Any CPU = Debug|Any CPU
		Release|Any CPU = Release|Any CPU
	EndGlobalSection
	GlobalSection(ProjectConfigurationPlatforms) = postSolution
		{66A29861-95BD-4A2D-8362-1BB2AB7122DD}.Debug|Any CPU.ActiveCfg = Debug|Any CPU
		{66A29861-95BD-4A2D-8362-1BB2AB7122DD}.Debug|Any CPU.Build.0 = Debug|Any CPU
		{66A29861-95BD-4A2D-8362-1BB2AB7122DD}.Release|Any CPU.ActiveCfg = Release|Any CPU
		{66A29861-95BD-4A2D-8362-1BB2AB7122DD}.Release|Any CPU.Build.0 = Release|Any CPU
		{273C360D-7597-491E-874F-1298B09E00B0}.Debug|Any CPU.ActiveCfg = Debug|Any CPU
		{273C360D-7597-491E-874F-1298B09E00B0}.Debug|Any CPU.Build.0 = Debug|Any CPU
		{273C360D-7597-491E-874F-1298B09E00B0}.Release|Any CPU.ActiveCfg = Release|Any CPU
		{273C360D-7597-491E-874F-1298B09E00B0}.Release|Any CPU.Build.0 = Release|Any CPU
		{D9DDE7F1-F672-4BD1-AA28-471A0961141D}.Debug|Any CPU.ActiveCfg = Debug|Any CPU
		{D9DDE7F1-F672-4BD1-AA28-471A0961141D}.Debug|Any CPU.Build.0 = Debug|Any CPU
		{D9DDE7F1-F672-4BD1-AA28-471A0961141D}.Release|Any CPU.ActiveCfg = Release|Any CPU
		{D9DDE7F1-F672-4BD1-AA28-471A0961141D}.Release|Any CPU.Build.0 = Release|Any CPU
		{3E267A66-38AB-4134-B8AD-E1BC46145CA6}.Debug|Any CPU.ActiveCfg = Debug|Any CPU
		{3E267A66-38AB-4134-B8AD-E1BC46145CA6}.Debug|Any CPU.Build.0 = Debug|Any CPU
		{3E267A66-38AB-4134-B8AD-E1BC46145CA6}.Release|Any CPU.ActiveCfg = Release|Any CPU
		{3E267A66-38AB-4134-B8AD-E1BC46145CA6}.Release|Any CPU.Build.0 = Release|Any CPU
		{F91FF372-AFDE-4FF7-9E2F-48F179AD8A1D}.Debug|Any CPU.ActiveCfg = Debug|Any CPU
		{F91FF372-AFDE-4FF7-9E2F-48F179AD8A1D}.Debug|Any CPU.Build.0 = Debug|Any CPU
		{F91FF372-AFDE-4FF7-9E2F-48F179AD8A1D}.Release|Any CPU.ActiveCfg = Release|Any CPU
		{F91FF372-AFDE-4FF7-9E2F-48F179AD8A1D}.Release|Any CPU.Build.0 = Release|Any CPU
	EndGlobalSection
	GlobalSection(SolutionProperties) = preSolution
		HideSolutionNode = FALSE
	EndGlobalSection
	GlobalSection(ExtensibilityGlobals) = postSolution
		SolutionGuid = {5C2F926D-39B4-4F56-B521-23095E51069A}
	EndGlobalSection
EndGlobal
